
Microsoft Visual Studio Solution File, Format Version 12.00
# Visual Studio Version 17
VisualStudioVersion = 17.7.34024.191
MinimumVisualStudioVersion = 10.0.40219.1
Project("{FAE04EC0-301F-11D3-BF4B-00C04F79EFBC}") = "atividade 3", "atividade 3\atividade 3.csproj", "{AC62D349-783F-4C11-A724-FC914587EA0D}"
EndProject
Global
	GlobalSection(SolutionConfigurationPlatforms) = preSolution
		Debug|Any CPU = Debug|Any CPU
		Release|Any CPU = Release|Any CPU
	EndGlobalSection
	GlobalSection(ProjectConfigurationPlatforms) = postSolution
		{AC62D349-783F-4C11-A724-FC914587EA0D}.Debug|Any CPU.ActiveCfg = Debug|Any CPU
		{AC62D349-783F-4C11-A724-FC914587EA0D}.Debug|Any CPU.Build.0 = Debug|Any CPU
		{AC62D349-783F-4C11-A724-FC914587EA0D}.Release|Any CPU.ActiveCfg = Release|Any CPU
		{AC62D349-783F-4C11-A724-FC914587EA0D}.Release|Any CPU.Build.0 = Release|Any CPU
	EndGlobalSection
	GlobalSection(SolutionProperties) = preSolution
		HideSolutionNode = FALSE
	EndGlobalSection
	GlobalSection(ExtensibilityGlobals) = postSolution
		SolutionGuid = {5682F5DE-A436-4788-8012-2703A382BAD7}
	EndGlobalSection
EndGlobal
